{
  "name": "icmp",
  "version": "1.0.0",
  "lockfileVersion": 1,
  "requires": true,
  "dependencies": {
    "nan": {
      "version": "2.10.0",
      "resolved": "https://registry.npmjs.org/nan/-/nan-2.10.0.tgz",
      "integrity": "sha512-bAdJv7fBLhWC+/Bls0Oza+mvTaNQtP+1RyhhhvD95pgUJz6XM5IzgmxOkItJ9tkoCiplvAnXI1tNmmUD/eScyA=="
    },
    "raw-socket": {
      "version": "1.6.2",
      "resolved": "https://registry.npmjs.org/raw-socket/-/raw-socket-1.6.2.tgz",
      "integrity": "sha512-JbmNAXPFNI+yJv3Kx0Lsl+ao2doZ/kdz9J4Ba9+ggC1U4e50BK0GfHHYuLFj8acnYzqXgKiLzhi2ixOPk6/kcw==",
      "requires": {
        "nan": "2.10.*"
      }
    }
  }
}
